
Microsoft Visual Studio Solution File, Format Version 12.00
# Visual Studio Version 17
VisualStudioVersion = 17.7.34202.233
MinimumVisualStudioVersion = 10.0.40219.1
Project("{9A19103F-16F7-4668-BE54-9A1E7A4F7556}") = "terrain-tools", "terrain-tools.csproj", "{039487D2-E108-464B-9B67-CE218FF0054D}"
EndProject
Project("{2150E333-8FDC-42A3-9474-1A3956D46DE8}") = "Solution Items", "Solution Items", "{0232ABF2-EEE3-49EA-9E22-95C695726449}"
	ProjectSection(SolutionItems) = preProject
		..\README.md = ..\README.md
	EndProjectSection
EndProject
Global
	GlobalSection(SolutionConfigurationPlatforms) = preSolution
		Debug|Any CPU = Debug|Any CPU
		Release|Any CPU = Release|Any CPU
	EndGlobalSection
	GlobalSection(ProjectConfigurationPlatforms) = postSolution
		{039487D2-E108-464B-9B67-CE218FF0054D}.Debug|Any CPU.ActiveCfg = Debug|Any CPU
		{039487D2-E108-464B-9B67-CE218FF0054D}.Debug|Any CPU.Build.0 = Debug|Any CPU
		{039487D2-E108-464B-9B67-CE218FF0054D}.Release|Any CPU.ActiveCfg = Release|Any CPU
		{039487D2-E108-464B-9B67-CE218FF0054D}.Release|Any CPU.Build.0 = Release|Any CPU
	EndGlobalSection
	GlobalSection(SolutionProperties) = preSolution
		HideSolutionNode = FALSE
	EndGlobalSection
	GlobalSection(ExtensibilityGlobals) = postSolution
		SolutionGuid = {780C57BB-8088-41EA-A8F7-833BC5DE4E2B}
	EndGlobalSection
EndGlobal
